
Microsoft Visual Studio Solution File, Format Version 12.00
# Visual Studio 15
VisualStudioVersion = 15.0.27004.2008
MinimumVisualStudioVersion = 10.0.40219.1
Project("{FAE04EC0-301F-11D3-BF4B-00C04F79EFBC}") = "Picture Viewer", "Picture Viewer\Picture Viewer.csproj", "{CCCB1210-CA70-4044-AFFF-0993812405F3}"
EndProject
Global
	GlobalSection(SolutionConfigurationPlatforms) = preSolution
		Debug|Any CPU = Debug|Any CPU
		Release|Any CPU = Release|Any CPU
	EndGlobalSection
	GlobalSection(ProjectConfigurationPlatforms) = postSolution
		{CCCB1210-CA70-4044-AFFF-0993812405F3}.Debug|Any CPU.ActiveCfg = Debug|Any CPU
		{CCCB1210-CA70-4044-AFFF-0993812405F3}.Debug|Any CPU.Build.0 = Debug|Any CPU
		{CCCB1210-CA70-4044-AFFF-0993812405F3}.Release|Any CPU.ActiveCfg = Release|Any CPU
		{CCCB1210-CA70-4044-AFFF-0993812405F3}.Release|Any CPU.Build.0 = Release|Any CPU
	EndGlobalSection
	GlobalSection(SolutionProperties) = preSolution
		HideSolutionNode = FALSE
	EndGlobalSection
	GlobalSection(ExtensibilityGlobals) = postSolution
		SolutionGuid = {FC8159E7-C64A-48F2-975E-82A7DEDB8144}
	EndGlobalSection
EndGlobal
